[{<<"et">>,
  {git,"https://github.com/galdor/erl-et.git",
       {ref,"7b55d59e3ef75bbd6ea4126d3855046e639709a6"}},
  0},
 {<<"json">>,
  {git,"https://github.com/galdor/erl-json.git",
       {ref,"6549a08a4ece8ed2fc2d8857cfe722546be5fec8"}},
  0},
 {<<"term">>,
  {git,"https://github.com/exograd/erl-term.git",
       {ref,"8b7a0a6fa961ceb73c3b0e5dfdaa594fa7ca2691"}},
  0},
 {<<"uri">>,
  {git,"https://github.com/galdor/erl-uri.git",
       {ref,"86bb01d06a7fc6c7f17e74cd7e7fb275b2ad15bc"}},
  0}].
