[{<<"backoff">>,
  {git,"https://github.com/ferd/backoff.git",
       {ref,"dfb19a20c37b73af067edc3c335624bdf9517396"}},
  0},
 {<<"core">>,
  {git,"https://github.com/exograd/erl-core.git",
       {ref,"036df26f7b869cf2c1fd66c559a748657f3f2da3"}},
  0},
 {<<"json">>,
  {git,"https://github.com/exograd/erl-json.git",
       {ref,"03e41ec0d6ae577652bbe90d9c66ccbf74b57a1c"}},
  0},
 {<<"term">>,
  {git,"https://github.com/exograd/erl-term.git",
       {ref,"630aec649f8322e8bc23a4648a8971c891b2bd60"}},
  0},
 {<<"uri">>,
  {git,"https://github.com/exograd/erl-uri.git",
       {ref,"4d217279c3c850a5a02a9cc9e0d9881646d658e6"}},
  0}].
